<Solution>
    <Folder Name="/DatabaseTools/">
        <Project Path="../DatabaseTools/DatabaseTools.DbTools/DatabaseTools.DbTools.csproj" />
    </Folder>
    <Folder Name="/ParametersManagement/">
        <Project Path="../ParametersManagement/ParametersManagement.LibApiClientParameters/ParametersManagement.LibApiClientParameters.csproj" />
        <Project Path="../ParametersManagement/ParametersManagement.LibDatabaseParameters/ParametersManagement.LibDatabaseParameters.csproj" />
        <Project Path="../ParametersManagement/ParametersManagement.LibParameters/ParametersManagement.LibParameters.csproj" />
    </Folder>
    <Folder Name="/Solution Items/">
        <File Path=".editorconfig" />
        <File Path="Directory.Build.props" />
        <File Path="Directory.Packages.props" />
    </Folder>
    <Folder Name="/SystemTools/">
        <Project Path="../SystemTools/SystemTools.ApiContracts/SystemTools.ApiContracts.csproj" />
        <Project Path="../SystemTools/SystemTools.StringMessagesApiContracts/SystemTools.StringMessagesApiContracts.csproj" />
        <Project Path="../SystemTools/SystemTools.SystemToolsShared/SystemTools.SystemToolsShared.csproj" />
    </Folder>
    <Project Path="WebAgentContracts.WebAgentDatabasesApiContracts/WebAgentContracts.WebAgentDatabasesApiContracts.csproj" />
    <Project Path="WebAgentContracts.WebAgentProjectsApiContracts/WebAgentContracts.WebAgentProjectsApiContracts.csproj" />
    <Project Path="WebAgentContracts/WebAgentContracts.csproj" />
</Solution>
